// !$*UTF8*$!
{
	archiveVersion = 1;
	classes = {
	};
	objectVersion = 46;
	objects = {

/* Begin PBXBuildFile section */
		231DBD9F85EC442927C50492 /* Pods_WeatherAlert.framework in Frameworks */ = {isa = PBXBuildFile; fileRef = A48BC8A65B50C0391F38EED2 /* Pods_WeatherAlert.framework */; };
		772CC7521C77BF57008ECCFC /* CitySearchViewController.swift in Sources */ = {isa = PBXBuildFile; fileRef = 772CC7511C77BF57008ECCFC /* CitySearchViewController.swift */; };
		772CC7561C77CE0A008ECCFC /* UIStoryboard.swift in Sources */ = {isa = PBXBuildFile; fileRef = 772CC7551C77CE0A008ECCFC /* UIStoryboard.swift */; };
		773FAF881C78A17F00D9FE21 /* Alamofire.swift in Sources */ = {isa = PBXBuildFile; fileRef = 773FAF871C78A17F00D9FE21 /* Alamofire.swift */; };
		773FAF8A1C78BBAF00D9FE21 /* CurrentObject.swift in Sources */ = {isa = PBXBuildFile; fileRef = 773FAF891C78BBAF00D9FE21 /* CurrentObject.swift */; };
		775C375B1C78DBB8007D0C80 /* Router.swift in Sources */ = {isa = PBXBuildFile; fileRef = 775C375A1C78DBB8007D0C80 /* Router.swift */; };
		776BDE821C7750BE0004D9A5 /* UIApplication.swift in Sources */ = {isa = PBXBuildFile; fileRef = 776BDE811C7750BE0004D9A5 /* UIApplication.swift */; };
		776BDF431C7751BB0004D9A5 /* MainViewController.swift in Sources */ = {isa = PBXBuildFile; fileRef = 776BDF421C7751BB0004D9A5 /* MainViewController.swift */; };
		776BDF451C7752340004D9A5 /* ContainerMenuViewController.swift in Sources */ = {isa = PBXBuildFile; fileRef = 776BDF441C7752340004D9A5 /* ContainerMenuViewController.swift */; };
		776BDF471C77535A0004D9A5 /* LeftViewController.swift in Sources */ = {isa = PBXBuildFile; fileRef = 776BDF461C77535A0004D9A5 /* LeftViewController.swift */; };
		776BDF491C77579E0004D9A5 /* UIViewController.swift in Sources */ = {isa = PBXBuildFile; fileRef = 776BDF481C77579E0004D9A5 /* UIViewController.swift */; };
		776BDF4F1C775DA00004D9A5 /* CityObject.swift in Sources */ = {isa = PBXBuildFile; fileRef = 776BDF4E1C775DA00004D9A5 /* CityObject.swift */; };
		776BDF521C7764C60004D9A5 /* city.list.json in Resources */ = {isa = PBXBuildFile; fileRef = 776BDF511C7764C60004D9A5 /* city.list.json */; };
		776BDF541C776D5A0004D9A5 /* city0.json in Resources */ = {isa = PBXBuildFile; fileRef = 776BDF531C776D5A0004D9A5 /* city0.json */; };
		77DAC62B1C7737E9004A1C72 /* AppDelegate.swift in Sources */ = {isa = PBXBuildFile; fileRef = 77DAC62A1C7737E9004A1C72 /* AppDelegate.swift */; };
		77DAC6301C7737E9004A1C72 /* Main.storyboard in Resources */ = {isa = PBXBuildFile; fileRef = 77DAC62E1C7737E9004A1C72 /* Main.storyboard */; };
		77DAC6321C7737E9004A1C72 /* Assets.xcassets in Resources */ = {isa = PBXBuildFile; fileRef = 77DAC6311C7737E9004A1C72 /* Assets.xcassets */; };
		77DAC6351C7737E9004A1C72 /* LaunchScreen.storyboard in Resources */ = {isa = PBXBuildFile; fileRef = 77DAC6331C7737E9004A1C72 /* LaunchScreen.storyboard */; };
		77DAC6401C7737E9004A1C72 /* WeatherAlertTests.swift in Sources */ = {isa = PBXBuildFile; fileRef = 77DAC63F1C7737E9004A1C72 /* WeatherAlertTests.swift */; };
		77DAC64B1C7737EA004A1C72 /* WeatherAlertUITests.swift in Sources */ = {isa = PBXBuildFile; fileRef = 77DAC64A1C7737EA004A1C72 /* WeatherAlertUITests.swift */; };
/* End PBXBuildFile section */

/* Begin PBXContainerItemProxy section */
		77DAC63C1C7737E9004A1C72 /* PBXContainerItemProxy */ = {
			isa = PBXContainerItemProxy;
			containerPortal = 77DAC61F1C7737E9004A1C72 /* Project object */;
			proxyType = 1;
			remoteGlobalIDString = 77DAC6261C7737E9004A1C72;
			remoteInfo = WeatherAlert;
		};
		77DAC6471C7737EA004A1C72 /* PBXContainerItemProxy */ = {
			isa = PBXContainerItemProxy;
			containerPortal = 77DAC61F1C7737E9004A1C72 /* Project object */;
			proxyType = 1;
			remoteGlobalIDString = 77DAC6261C7737E9004A1C72;
			remoteInfo = WeatherAlert;
		};
/* End PBXContainerItemProxy section */

/* Begin PBXFileReference section */
		772CC7511C77BF57008ECCFC /* CitySearchViewController.swift */ = {isa = PBXFileReference; fileEncoding = 4; lastKnownFileType = sourcecode.swift; path = CitySearchViewController.swift; sourceTree = "<group>"; };
		772CC7551C77CE0A008ECCFC /* UIStoryboard.swift */ = {isa = PBXFileReference; fileEncoding = 4; lastKnownFileType = sourcecode.swift; path = UIStoryboard.swift; sourceTree = "<group>"; };
		773FAF871C78A17F00D9FE21 /* Alamofire.swift */ = {isa = PBXFileReference; fileEncoding = 4; lastKnownFileType = sourcecode.swift; path = Alamofire.swift; sourceTree = "<group>"; };
		773FAF891C78BBAF00D9FE21 /* CurrentObject.swift */ = {isa = PBXFileReference; fileEncoding = 4; lastKnownFileType = sourcecode.swift; path = CurrentObject.swift; sourceTree = "<group>"; };
		775C375A1C78DBB8007D0C80 /* Router.swift */ = {isa = PBXFileReference; fileEncoding = 4; lastKnownFileType = sourcecode.swift; path = Router.swift; sourceTree = "<group>"; };
		776BDE811C7750BE0004D9A5 /* UIApplication.swift */ = {isa = PBXFileReference; fileEncoding = 4; lastKnownFileType = sourcecode.swift; path = UIApplication.swift; sourceTree = "<group>"; };
		776BDF421C7751BB0004D9A5 /* MainViewController.swift */ = {isa = PBXFileReference; fileEncoding = 4; lastKnownFileType = sourcecode.swift; path = MainViewController.swift; sourceTree = "<group>"; };
		776BDF441C7752340004D9A5 /* ContainerMenuViewController.swift */ = {isa = PBXFileReference; fileEncoding = 4; lastKnownFileType = sourcecode.swift; path = ContainerMenuViewController.swift; sourceTree = "<group>"; };
		776BDF461C77535A0004D9A5 /* LeftViewController.swift */ = {isa = PBXFileReference; fileEncoding = 4; lastKnownFileType = sourcecode.swift; path = LeftViewController.swift; sourceTree = "<group>"; };
		776BDF481C77579E0004D9A5 /* UIViewController.swift */ = {isa = PBXFileReference; fileEncoding = 4; lastKnownFileType = sourcecode.swift; path = UIViewController.swift; sourceTree = "<group>"; };
		776BDF4E1C775DA00004D9A5 /* CityObject.swift */ = {isa = PBXFileReference; fileEncoding = 4; lastKnownFileType = sourcecode.swift; path = CityObject.swift; sourceTree = "<group>"; };
		776BDF511C7764C60004D9A5 /* city.list.json */ = {isa = PBXFileReference; fileEncoding = 4; lastKnownFileType = text.json; path = city.list.json; sourceTree = "<group>"; };
		776BDF531C776D5A0004D9A5 /* city0.json */ = {isa = PBXFileReference; fileEncoding = 4; lastKnownFileType = text.json; path = city0.json; sourceTree = "<group>"; };
		77DAC6271C7737E9004A1C72 /* WeatherAlert.app */ = {isa = PBXFileReference; explicitFileType = wrapper.application; includeInIndex = 0; path = WeatherAlert.app; sourceTree = BUILT_PRODUCTS_DIR; };
		77DAC62A1C7737E9004A1C72 /* AppDelegate.swift */ = {isa = PBXFileReference; lastKnownFileType = sourcecode.swift; path = AppDelegate.swift; sourceTree = "<group>"; };
		77DAC62F1C7737E9004A1C72 /* Base */ = {isa = PBXFileReference; lastKnownFileType = file.storyboard; name = Base; path = Base.lproj/Main.storyboard; sourceTree = "<group>"; };
		77DAC6311C7737E9004A1C72 /* Assets.xcassets */ = {isa = PBXFileReference; lastKnownFileType = folder.assetcatalog; path = Assets.xcassets; sourceTree = "<group>"; };
		77DAC6341C7737E9004A1C72 /* Base */ = {isa = PBXFileReference; lastKnownFileType = file.storyboard; name = Base; path = Base.lproj/LaunchScreen.storyboard; sourceTree = "<group>"; };
		77DAC6361C7737E9004A1C72 /* Info.plist */ = {isa = PBXFileReference; lastKnownFileType = text.plist.xml; path = Info.plist; sourceTree = "<group>"; };
		77DAC63B1C7737E9004A1C72 /* WeatherAlertTests.xctest */ = {isa = PBXFileReference; explicitFileType = wrapper.cfbundle; includeInIndex = 0; path = WeatherAlertTests.xctest; sourceTree = BUILT_PRODUCTS_DIR; };
		77DAC63F1C7737E9004A1C72 /* WeatherAlertTests.swift */ = {isa = PBXFileReference; lastKnownFileType = sourcecode.swift; path = WeatherAlertTests.swift; sourceTree = "<group>"; };
		77DAC6411C7737E9004A1C72 /* Info.plist */ = {isa = PBXFileReference; lastKnownFileType = text.plist.xml; path = Info.plist; sourceTree = "<group>"; };
		77DAC6461C7737EA004A1C72 /* WeatherAlertUITests.xctest */ = {isa = PBXFileReference; explicitFileType = wrapper.cfbundle; includeInIndex = 0; path = WeatherAlertUITests.xctest; sourceTree = BUILT_PRODUCTS_DIR; };
		77DAC64A1C7737EA004A1C72 /* WeatherAlertUITests.swift */ = {isa = PBXFileReference; lastKnownFileType = sourcecode.swift; path = WeatherAlertUITests.swift; sourceTree = "<group>"; };
		77DAC64C1C7737EA004A1C72 /* Info.plist */ = {isa = PBXFileReference; lastKnownFileType = text.plist.xml; path = Info.plist; sourceTree = "<group>"; };
		A48BC8A65B50C0391F38EED2 /* Pods_WeatherAlert.framework */ = {isa = PBXFileReference; explicitFileType = wrapper.framework; includeInIndex = 0; path = Pods_WeatherAlert.framework; sourceTree = BUILT_PRODUCTS_DIR; };
		D14725FC47CD75A6BA838F31 /* Pods-WeatherAlert.release.xcconfig */ = {isa = PBXFileReference; includeInIndex = 1; lastKnownFileType = text.xcconfig; name = "Pods-WeatherAlert.release.xcconfig"; path = "Pods/Target Support Files/Pods-WeatherAlert/Pods-WeatherAlert.release.xcconfig"; sourceTree = "<group>"; };
		FE148F6C992E6D53BBDF3F3F /* Pods-WeatherAlert.debug.xcconfig */ = {isa = PBXFileReference; includeInIndex = 1; lastKnownFileType = text.xcconfig; name = "Pods-WeatherAlert.debug.xcconfig"; path = "Pods/Target Support Files/Pods-WeatherAlert/Pods-WeatherAlert.debug.xcconfig"; sourceTree = "<group>"; };
/* End PBXFileReference section */

/* Begin PBXFrameworksBuildPhase section */
		77DAC6241C7737E9004A1C72 /* Frameworks */ = {
			isa = PBXFrameworksBuildPhase;
			buildActionMask = 2147483647;
			files = (
				231DBD9F85EC442927C50492 /* Pods_WeatherAlert.framework in Frameworks */,
			);
			runOnlyForDeploymentPostprocessing = 0;
		};
		77DAC6381C7737E9004A1C72 /* Frameworks */ = {
			isa = PBXFrameworksBuildPhase;
			buildActionMask = 2147483647;
			files = (
			);
			runOnlyForDeploymentPostprocessing = 0;
		};
		77DAC6431C7737EA004A1C72 /* Frameworks */ = {
			isa = PBXFrameworksBuildPhase;
			buildActionMask = 2147483647;
			files = (
			);
			runOnlyForDeploymentPostprocessing = 0;
		};
/* End PBXFrameworksBuildPhase section */

/* Begin PBXGroup section */
		2DC10FD5BF2AFF5214465EA9 /* Frameworks */ = {
			isa = PBXGroup;
			children = (
				A48BC8A65B50C0391F38EED2 /* Pods_WeatherAlert.framework */,
			);
			name = Frameworks;
			sourceTree = "<group>";
		};
		776BDE801C7750870004D9A5 /* Extension */ = {
			isa = PBXGroup;
			children = (
				776BDE811C7750BE0004D9A5 /* UIApplication.swift */,
				776BDF481C77579E0004D9A5 /* UIViewController.swift */,
				772CC7551C77CE0A008ECCFC /* UIStoryboard.swift */,
				773FAF871C78A17F00D9FE21 /* Alamofire.swift */,
				775C375A1C78DBB8007D0C80 /* Router.swift */,
			);
			path = Extension;
			sourceTree = "<group>";
		};
		776BDE831C77514A0004D9A5 /* ViewController */ = {
			isa = PBXGroup;
			children = (
				776BDF441C7752340004D9A5 /* ContainerMenuViewController.swift */,
				776BDF461C77535A0004D9A5 /* LeftViewController.swift */,
				776BDF421C7751BB0004D9A5 /* MainViewController.swift */,
				772CC7511C77BF57008ECCFC /* CitySearchViewController.swift */,
			);
			path = ViewController;
			sourceTree = "<group>";
		};
		776BDF4D1C775D8A0004D9A5 /* Model */ = {
			isa = PBXGroup;
			children = (
				776BDF4E1C775DA00004D9A5 /* CityObject.swift */,
				773FAF891C78BBAF00D9FE21 /* CurrentObject.swift */,
			);
			path = Model;
			sourceTree = "<group>";
		};
		776BDF501C7764B30004D9A5 /* Supporting Files */ = {
			isa = PBXGroup;
			children = (
				776BDF511C7764C60004D9A5 /* city.list.json */,
				776BDF531C776D5A0004D9A5 /* city0.json */,
			);
			name = "Supporting Files";
			sourceTree = "<group>";
		};
		77DAC61E1C7737E9004A1C72 = {
			isa = PBXGroup;
			children = (
				77DAC6291C7737E9004A1C72 /* WeatherAlert */,
				77DAC63E1C7737E9004A1C72 /* WeatherAlertTests */,
				77DAC6491C7737EA004A1C72 /* WeatherAlertUITests */,
				77DAC6281C7737E9004A1C72 /* Products */,
				B5DBFDFA54EDD0D81C1927F0 /* Pods */,
				2DC10FD5BF2AFF5214465EA9 /* Frameworks */,
			);
			sourceTree = "<group>";
		};
		77DAC6281C7737E9004A1C72 /* Products */ = {
			isa = PBXGroup;
			children = (
				77DAC6271C7737E9004A1C72 /* WeatherAlert.app */,
				77DAC63B1C7737E9004A1C72 /* WeatherAlertTests.xctest */,
				77DAC6461C7737EA004A1C72 /* WeatherAlertUITests.xctest */,
			);
			name = Products;
			sourceTree = "<group>";
		};
		77DAC6291C7737E9004A1C72 /* WeatherAlert */ = {
			isa = PBXGroup;
			children = (
				776BDF501C7764B30004D9A5 /* Supporting Files */,
				776BDF4D1C775D8A0004D9A5 /* Model */,
				776BDE831C77514A0004D9A5 /* ViewController */,
				776BDE801C7750870004D9A5 /* Extension */,
				77DAC62A1C7737E9004A1C72 /* AppDelegate.swift */,
				77DAC62E1C7737E9004A1C72 /* Main.storyboard */,
				77DAC6311C7737E9004A1C72 /* Assets.xcassets */,
				77DAC6331C7737E9004A1C72 /* LaunchScreen.storyboard */,
				77DAC6361C7737E9004A1C72 /* Info.plist */,
			);
			path = WeatherAlert;
			sourceTree = "<group>";
		};
		77DAC63E1C7737E9004A1C72 /* WeatherAlertTests */ = {
			isa = PBXGroup;
			children = (
				77DAC63F1C7737E9004A1C72 /* WeatherAlertTests.swift */,
				77DAC6411C7737E9004A1C72 /* Info.plist */,
			);
			path = WeatherAlertTests;
			sourceTree = "<group>";
		};
		77DAC6491C7737EA004A1C72 /* WeatherAlertUITests */ = {
			isa = PBXGroup;
			children = (
				77DAC64A1C7737EA004A1C72 /* WeatherAlertUITests.swift */,
				77DAC64C1C7737EA004A1C72 /* Info.plist */,
			);
			path = WeatherAlertUITests;
			sourceTree = "<group>";
		};
		B5DBFDFA54EDD0D81C1927F0 /* Pods */ = {
			isa = PBXGroup;
			children = (
				FE148F6C992E6D53BBDF3F3F /* Pods-WeatherAlert.debug.xcconfig */,
				D14725FC47CD75A6BA838F31 /* Pods-WeatherAlert.release.xcconfig */,
			);
			name = Pods;
			sourceTree = "<group>";
		};
/* End PBXGroup section */

/* Begin PBXNativeTarget section */
		77DAC6261C7737E9004A1C72 /* WeatherAlert */ = {
			isa = PBXNativeTarget;
			buildConfigurationList = 77DAC64F1C7737EA004A1C72 /* Build configuration list for PBXNativeTarget "WeatherAlert" */;
			buildPhases = (
				212E2DE82AB79E9CA3FD3D79 /* Check Pods Manifest.lock */,
				77DAC6231C7737E9004A1C72 /* Sources */,
				77DAC6241C7737E9004A1C72 /* Frameworks */,
				77DAC6251C7737E9004A1C72 /* Resources */,
				706BC6F05E81F2875E444152 /* Embed Pods Frameworks */,
				138A724BA88A26CAE2E507C7 /* Copy Pods Resources */,
			);
			buildRules = (
			);
			dependencies = (
			);
			name = WeatherAlert;
			productName = WeatherAlert;
			productReference = 77DAC6271C7737E9004A1C72 /* WeatherAlert.app */;
			productType = "com.apple.product-type.application";
		};
		77DAC63A1C7737E9004A1C72 /* WeatherAlertTests */ = {
			isa = PBXNativeTarget;
			buildConfigurationList = 77DAC6521C7737EA004A1C72 /* Build configuration list for PBXNativeTarget "WeatherAlertTests" */;
			buildPhases = (
				77DAC6371C7737E9004A1C72 /* Sources */,
				77DAC6381C7737E9004A1C72 /* Frameworks */,
				77DAC6391C7737E9004A1C72 /* Resources */,
			);
			buildRules = (
			);
			dependencies = (
				77DAC63D1C7737E9004A1C72 /* PBXTargetDependency */,
			);
			name = WeatherAlertTests;
			productName = WeatherAlertTests;
			productReference = 77DAC63B1C7737E9004A1C72 /* WeatherAlertTests.xctest */;
			productType = "com.apple.product-type.bundle.unit-test";
		};
		77DAC6451C7737EA004A1C72 /* WeatherAlertUITests */ = {
			isa = PBXNativeTarget;
			buildConfigurationList = 77DAC6551C7737EA004A1C72 /* Build configuration list for PBXNativeTarget "WeatherAlertUITests" */;
			buildPhases = (
				77DAC6421C7737EA004A1C72 /* Sources */,
				77DAC6431C7737EA004A1C72 /* Frameworks */,
				77DAC6441C7737EA004A1C72 /* Resources */,
			);
			buildRules = (
			);
			dependencies = (
				77DAC6481C7737EA004A1C72 /* PBXTargetDependency */,
			);
			name = WeatherAlertUITests;
			productName = WeatherAlertUITests;
			productReference = 77DAC6461C7737EA004A1C72 /* WeatherAlertUITests.xctest */;
			productType = "com.apple.product-type.bundle.ui-testing";
		};
/* End PBXNativeTarget section */

/* Begin PBXProject section */
		77DAC61F1C7737E9004A1C72 /* Project object */ = {
			isa = PBXProject;
			attributes = {
				LastSwiftUpdateCheck = 0720;
				LastUpgradeCheck = 0720;
				ORGANIZATIONNAME = "EDGARDO AGNO";
				TargetAttributes = {
					77DAC6261C7737E9004A1C72 = {
						CreatedOnToolsVersion = 7.2;
					};
					77DAC63A1C7737E9004A1C72 = {
						CreatedOnToolsVersion = 7.2;
						TestTargetID = 77DAC6261C7737E9004A1C72;
					};
					77DAC6451C7737EA004A1C72 = {
						CreatedOnToolsVersion = 7.2;
						TestTargetID = 77DAC6261C7737E9004A1C72;
					};
				};
			};
			buildConfigurationList = 77DAC6221C7737E9004A1C72 /* Build configuration list for PBXProject "WeatherAlert" */;
			compatibilityVersion = "Xcode 3.2";
			developmentRegion = English;
			hasScannedForEncodings = 0;
			knownRegions = (
				en,
				Base,
			);
			mainGroup = 77DAC61E1C7737E9004A1C72;
			productRefGroup = 77DAC6281C7737E9004A1C72 /* Products */;
			projectDirPath = "";
			projectRoot = "";
			targets = (
				77DAC6261C7737E9004A1C72 /* WeatherAlert */,
				77DAC63A1C7737E9004A1C72 /* WeatherAlertTests */,
				77DAC6451C7737EA004A1C72 /* WeatherAlertUITests */,
			);
		};
/* End PBXProject section */

/* Begin PBXResourcesBuildPhase section */
		77DAC6251C7737E9004A1C72 /* Resources */ = {
			isa = PBXResourcesBuildPhase;
			buildActionMask = 2147483647;
			files = (
				77DAC6351C7737E9004A1C72 /* LaunchScreen.storyboard in Resources */,
				776BDF521C7764C60004D9A5 /* city.list.json in Resources */,
				77DAC6321C7737E9004A1C72 /* Assets.xcassets in Resources */,
				77DAC6301C7737E9004A1C72 /* Main.storyboard in Resources */,
				776BDF541C776D5A0004D9A5 /* city0.json in Resources */,
			);
			runOnlyForDeploymentPostprocessing = 0;
		};
		77DAC6391C7737E9004A1C72 /* Resources */ = {
			isa = PBXResourcesBuildPhase;
			buildActionMask = 2147483647;
			files = (
			);
			runOnlyForDeploymentPostprocessing = 0;
		};
		77DAC6441C7737EA004A1C72 /* Resources */ = {
			isa = PBXResourcesBuildPhase;
			buildActionMask = 2147483647;
			files = (
			);
			runOnlyForDeploymentPostprocessing = 0;
		};
/* End PBXResourcesBuildPhase section */

/* Begin PBXShellScriptBuildPhase section */
		138A724BA88A26CAE2E507C7 /* Copy Pods Resources */ = {
			isa = PBXShellScriptBuildPhase;
			buildActionMask = 2147483647;
			files = (
			);
			inputPaths = (
			);
			name = "Copy Pods Resources";
			outputPaths = (
			);
			runOnlyForDeploymentPostprocessing = 0;
			shellPath = /bin/sh;
			shellScript = "\"${SRCROOT}/Pods/Target Support Files/Pods-WeatherAlert/Pods-WeatherAlert-resources.sh\"\n";
			showEnvVarsInLog = 0;
		};
		212E2DE82AB79E9CA3FD3D79 /* Check Pods Manifest.lock */ = {
			isa = PBXShellScriptBuildPhase;
			buildActionMask = 2147483647;
			files = (
			);
			inputPaths = (
			);
			name = "Check Pods Manifest.lock";
			outputPaths = (
			);
			runOnlyForDeploymentPostprocessing = 0;
			shellPath = /bin/sh;
			shellScript = "diff \"${PODS_ROOT}/../Podfile.lock\" \"${PODS_ROOT}/Manifest.lock\" > /dev/null\nif [[ $? != 0 ]] ; then\n    cat << EOM\nerror: The sandbox is not in sync with the Podfile.lock. Run 'pod install' or update your CocoaPods installation.\nEOM\n    exit 1\nfi\n";
			showEnvVarsInLog = 0;
		};
		706BC6F05E81F2875E444152 /* Embed Pods Frameworks */ = {
			isa = PBXShellScriptBuildPhase;
			buildActionMask = 2147483647;
			files = (
			);
			inputPaths = (
			);
			name = "Embed Pods Frameworks";
			outputPaths = (
			);
			runOnlyForDeploymentPostprocessing = 0;
			shellPath = /bin/sh;
			shellScript = "\"${SRCROOT}/Pods/Target Support Files/Pods-WeatherAlert/Pods-WeatherAlert-frameworks.sh\"\n";
			showEnvVarsInLog = 0;
		};
/* End PBXShellScriptBuildPhase section */

/* Begin PBXSourcesBuildPhase section */
		77DAC6231C7737E9004A1C72 /* Sources */ = {
			isa = PBXSourcesBuildPhase;
			buildActionMask = 2147483647;
			files = (
				776BDF431C7751BB0004D9A5 /* MainViewController.swift in Sources */,
				773FAF8A1C78BBAF00D9FE21 /* CurrentObject.swift in Sources */,
				776BDF451C7752340004D9A5 /* ContainerMenuViewController.swift in Sources */,
				776BDF491C77579E0004D9A5 /* UIViewController.swift in Sources */,
				775C375B1C78DBB8007D0C80 /* Router.swift in Sources */,
				776BDE821C7750BE0004D9A5 /* UIApplication.swift in Sources */,
				77DAC62B1C7737E9004A1C72 /* AppDelegate.swift in Sources */,
				776BDF471C77535A0004D9A5 /* LeftViewController.swift in Sources */,
				773FAF881C78A17F00D9FE21 /* Alamofire.swift in Sources */,
				772CC7561C77CE0A008ECCFC /* UIStoryboard.swift in Sources */,
				776BDF4F1C775DA00004D9A5 /* CityObject.swift in Sources */,
				772CC7521C77BF57008ECCFC /* CitySearchViewController.swift in Sources */,
			);
			runOnlyForDeploymentPostprocessing = 0;
		};
		77DAC6371C7737E9004A1C72 /* Sources */ = {
			isa = PBXSourcesBuildPhase;
			buildActionMask = 2147483647;
			files = (
				77DAC6401C7737E9004A1C72 /* WeatherAlertTests.swift in Sources */,
			);
			runOnlyForDeploymentPostprocessing = 0;
		};
		77DAC6421C7737EA004A1C72 /* Sources */ = {
			isa = PBXSourcesBuildPhase;
			buildActionMask = 2147483647;
			files = (
				77DAC64B1C7737EA004A1C72 /* WeatherAlertUITests.swift in Sources */,
			);
			runOnlyForDeploymentPostprocessing = 0;
		};
/* End PBXSourcesBuildPhase section */

/* Begin PBXTargetDependency section */
		77DAC63D1C7737E9004A1C72 /* PBXTargetDependency */ = {
			isa = PBXTargetDependency;
			target = 77DAC6261C7737E9004A1C72 /* WeatherAlert */;
			targetProxy = 77DAC63C1C7737E9004A1C72 /* PBXContainerItemProxy */;
		};
		77DAC6481C7737EA004A1C72 /* PBXTargetDependency */ = {
			isa = PBXTargetDependency;
			target = 77DAC6261C7737E9004A1C72 /* WeatherAlert */;
			targetProxy = 77DAC6471C7737EA004A1C72 /* PBXContainerItemProxy */;
		};
/* End PBXTargetDependency section */

/* Begin PBXVariantGroup section */
		77DAC62E1C7737E9004A1C72 /* Main.storyboard */ = {
			isa = PBXVariantGroup;
			children = (
				77DAC62F1C7737E9004A1C72 /* Base */,
			);
			name = Main.storyboard;
			sourceTree = "<group>";
		};
		77DAC6331C7737E9004A1C72 /* LaunchScreen.storyboard */ = {
			isa = PBXVariantGroup;
			children = (
				77DAC6341C7737E9004A1C72 /* Base */,
			);
			name = LaunchScreen.storyboard;
			sourceTree = "<group>";
		};
/* End PBXVariantGroup section */

/* Begin XCBuildConfiguration section */
		77DAC64D1C7737EA004A1C72 /* Debug */ = {
			isa = XCBuildConfiguration;
			buildSettings = {
				ALWAYS_SEARCH_USER_PATHS = NO;
				CLANG_CXX_LANGUAGE_STANDARD = "gnu++0x";
				CLANG_CXX_LIBRARY = "libc++";
				CLANG_ENABLE_MODULES = YES;
				CLANG_ENABLE_OBJC_ARC = YES;
				CLANG_WARN_BOOL_CONVERSION = YES;
				CLANG_WARN_CONSTANT_CONVERSION = YES;
				CLANG_WARN_DIRECT_OBJC_ISA_USAGE = YES_ERROR;
				CLANG_WARN_EMPTY_BODY = YES;
				CLANG_WARN_ENUM_CONVERSION = YES;
				CLANG_WARN_INT_CONVERSION = YES;
				CLANG_WARN_OBJC_ROOT_CLASS = YES_ERROR;
				CLANG_WARN_UNREACHABLE_CODE = YES;
				CLANG_WARN__DUPLICATE_METHOD_MATCH = YES;
				"CODE_SIGN_IDENTITY[sdk=iphoneos*]" = "iPhone Developer";
				COPY_PHASE_STRIP = NO;
				DEBUG_INFORMATION_FORMAT = dwarf;
				ENABLE_STRICT_OBJC_MSGSEND = YES;
				ENABLE_TESTABILITY = YES;
				GCC_C_LANGUAGE_STANDARD = gnu99;
				GCC_DYNAMIC_NO_PIC = NO;
				GCC_NO_COMMON_BLOCKS = YES;
				GCC_OPTIMIZATION_LEVEL = 0;
				GCC_PREPROCESSOR_DEFINITIONS = (
					"DEBUG=1",
					"$(inherited)",
				);
				GCC_WARN_64_TO_32_BIT_CONVERSION = YES;
				GCC_WARN_ABOUT_RETURN_TYPE = YES_ERROR;
				GCC_WARN_UNDECLARED_SELECTOR = YES;
				GCC_WARN_UNINITIALIZED_AUTOS = YES_AGGRESSIVE;
				GCC_WARN_UNUSED_FUNCTION = YES;
				GCC_WARN_UNUSED_VARIABLE = YES;
				IPHONEOS_DEPLOYMENT_TARGET = 9.2;
				MTL_ENABLE_DEBUG_INFO = YES;
				ONLY_ACTIVE_ARCH = YES;
				SDKROOT = iphoneos;
				SWIFT_OPTIMIZATION_LEVEL = "-Onone";
			};
			name = Debug;
		};
		77DAC64E1C7737EA004A1C72 /* Release */ = {
			isa = XCBuildConfiguration;
			buildSettings = {
				ALWAYS_SEARCH_USER_PATHS = NO;
				CLANG_CXX_LANGUAGE_STANDARD = "gnu++0x";
				CLANG_CXX_LIBRARY = "libc++";
				CLANG_ENABLE_MODULES = YES;
				CLANG_ENABLE_OBJC_ARC = YES;
				CLANG_WARN_BOOL_CONVERSION = YES;
				CLANG_WARN_CONSTANT_CONVERSION = YES;
				CLANG_WARN_DIRECT_OBJC_ISA_USAGE = YES_ERROR;
				CLANG_WARN_EMPTY_BODY = YES;
				CLANG_WARN_ENUM_CONVERSION = YES;
				CLANG_WARN_INT_CONVERSION = YES;
				CLANG_WARN_OBJC_ROOT_CLASS = YES_ERROR;
				CLANG_WARN_UNREACHABLE_CODE = YES;
				CLANG_WARN__DUPLICATE_METHOD_MATCH = YES;
				"CODE_SIGN_IDENTITY[sdk=iphoneos*]" = "iPhone Developer";
				COPY_PHASE_STRIP = NO;
				DEBUG_INFORMATION_FORMAT = "dwarf-with-dsym";
				ENABLE_NS_ASSERTIONS = NO;
				ENABLE_STRICT_OBJC_MSGSEND = YES;
				GCC_C_LANGUAGE_STANDARD = gnu99;
				GCC_NO_COMMON_BLOCKS = YES;
				GCC_WARN_64_TO_32_BIT_CONVERSION = YES;
				GCC_WARN_ABOUT_RETURN_TYPE = YES_ERROR;
				GCC_WARN_UNDECLARED_SELECTOR = YES;
				GCC_WARN_UNINITIALIZED_AUTOS = YES_AGGRESSIVE;
				GCC_WARN_UNUSED_FUNCTION = YES;
				GCC_WARN_UNUSED_VARIABLE = YES;
				IPHONEOS_DEPLOYMENT_TARGET = 9.2;
				MTL_ENABLE_DEBUG_INFO = NO;
				SDKROOT = iphoneos;
				VALIDATE_PRODUCT = YES;
			};
			name = Release;
		};
		77DAC6501C7737EA004A1C72 /* Debug */ = {
			isa = XCBuildConfiguration;
			baseConfigurationReference = FE148F6C992E6D53BBDF3F3F /* Pods-WeatherAlert.debug.xcconfig */;
			buildSettings = {
				ASSETCATALOG_COMPILER_APPICON_NAME = AppIcon;
				INFOPLIST_FILE = WeatherAlert/Info.plist;
				IPHONEOS_DEPLOYMENT_TARGET = 9.0;
				LD_RUNPATH_SEARCH_PATHS = "$(inherited) @executable_path/Frameworks";
				PRODUCT_BUNDLE_IDENTIFIER = com.edgardoagno.WeatherAlert;
				PRODUCT_NAME = "$(TARGET_NAME)";
			};
			name = Debug;
		};
		77DAC6511C7737EA004A1C72 /* Release */ = {
			isa = XCBuildConfiguration;
			baseConfigurationReference = D14725FC47CD75A6BA838F31 /* Pods-WeatherAlert.release.xcconfig */;
			buildSettings = {
				ASSETCATALOG_COMPILER_APPICON_NAME = AppIcon;
				INFOPLIST_FILE = WeatherAlert/Info.plist;
				IPHONEOS_DEPLOYMENT_TARGET = 9.0;
				LD_RUNPATH_SEARCH_PATHS = "$(inherited) @executable_path/Frameworks";
				PRODUCT_BUNDLE_IDENTIFIER = com.edgardoagno.WeatherAlert;
				PRODUCT_NAME = "$(TARGET_NAME)";
			};
			name = Release;
		};
		77DAC6531C7737EA004A1C72 /* Debug */ = {
			isa = XCBuildConfiguration;
			buildSettings = {
				BUNDLE_LOADER = "$(TEST_HOST)";
				INFOPLIST_FILE = WeatherAlertTests/Info.plist;
				LD_RUNPATH_SEARCH_PATHS = "$(inherited) @executable_path/Frameworks @loader_path/Frameworks";
				PRODUCT_BUNDLE_IDENTIFIER = com.edgardoagno.WeatherAlertTests;
				PRODUCT_NAME = "$(TARGET_NAME)";
				TEST_HOST = "$(BUILT_PRODUCTS_DIR)/WeatherAlert.app/WeatherAlert";
			};
			name = Debug;
		};
		77DAC6541C7737EA004A1C72 /* Release */ = {
			isa = XCBuildConfiguration;
			buildSettings = {
				BUNDLE_LOADER = "$(TEST_HOST)";
				INFOPLIST_FILE = WeatherAlertTests/Info.plist;
				LD_RUNPATH_SEARCH_PATHS = "$(inherited) @executable_path/Frameworks @loader_path/Frameworks";
				PRODUCT_BUNDLE_IDENTIFIER = com.edgardoagno.WeatherAlertTests;
				PRODUCT_NAME = "$(TARGET_NAME)";
				TEST_HOST = "$(BUILT_PRODUCTS_DIR)/WeatherAlert.app/WeatherAlert";
			};
			name = Release;
		};
		77DAC6561C7737EA004A1C72 /* Debug */ = {
			isa = XCBuildConfiguration;
			buildSettings = {
				INFOPLIST_FILE = WeatherAlertUITests/Info.plist;
				LD_RUNPATH_SEARCH_PATHS = "$(inherited) @executable_path/Frameworks @loader_path/Frameworks";
				PRODUCT_BUNDLE_IDENTIFIER = com.edgardoagno.WeatherAlertUITests;
				PRODUCT_NAME = "$(TARGET_NAME)";
				TEST_TARGET_NAME = WeatherAlert;
				USES_XCTRUNNER = YES;
			};
			name = Debug;
		};
		77DAC6571C7737EA004A1C72 /* Release */ = {
			isa = XCBuildConfiguration;
			buildSettings = {
				INFOPLIST_FILE = WeatherAlertUITests/Info.plist;
				LD_RUNPATH_SEARCH_PATHS = "$(inherited) @executable_path/Frameworks @loader_path/Frameworks";
				PRODUCT_BUNDLE_IDENTIFIER = com.edgardoagno.WeatherAlertUITests;
				PRODUCT_NAME = "$(TARGET_NAME)";
				TEST_TARGET_NAME = WeatherAlert;
				USES_XCTRUNNER = YES;
			};
			name = Release;
		};
/* End XCBuildConfiguration section */

/* Begin XCConfigurationList section */
		77DAC6221C7737E9004A1C72 /* Build configuration list for PBXProject "WeatherAlert" */ = {
			isa = XCConfigurationList;
			buildConfigurations = (
				77DAC64D1C7737EA004A1C72 /* Debug */,
				77DAC64E1C7737EA004A1C72 /* Release */,
			);
			defaultConfigurationIsVisible = 0;
			defaultConfigurationName = Release;
		};
		77DAC64F1C7737EA004A1C72 /* Build configuration list for PBXNativeTarget "WeatherAlert" */ = {
			isa = XCConfigurationList;
			buildConfigurations = (
				77DAC6501C7737EA004A1C72 /* Debug */,
				77DAC6511C7737EA004A1C72 /* Release */,
			);
			defaultConfigurationIsVisible = 0;
			defaultConfigurationName = Release;
		};
		77DAC6521C7737EA004A1C72 /* Build configuration list for PBXNativeTarget "WeatherAlertTests" */ = {
			isa = XCConfigurationList;
			buildConfigurations = (
				77DAC6531C7737EA004A1C72 /* Debug */,
				77DAC6541C7737EA004A1C72 /* Release */,
			);
			defaultConfigurationIsVisible = 0;
			defaultConfigurationName = Release;
		};
		77DAC6551C7737EA004A1C72 /* Build configuration list for PBXNativeTarget "WeatherAlertUITests" */ = {
			isa = XCConfigurationList;
			buildConfigurations = (
				77DAC6561C7737EA004A1C72 /* Debug */,
				77DAC6571C7737EA004A1C72 /* Release */,
			);
			defaultConfigurationIsVisible = 0;
			defaultConfigurationName = Release;
		};
/* End XCConfigurationList section */
	};
	rootObject = 77DAC61F1C7737E9004A1C72 /* Project object */;
}
